PODS:
  - CachyKit (1.0.14)
  - youtube-ios-player-helper (1.0.4)

DEPENDENCIES:
  - CachyKit
  - youtube-ios-player-helper (~> 1.0.4)

SPEC REPOS:
  trunk:
    - CachyKit
    - youtube-ios-player-helper

SPEC CHECKSUMS:
  CachyKit: faf004f56dc0435d7eadbe2569844a59fdc4f334
  youtube-ios-player-helper: e9b97535e816db3152179d84d999bc1807ecd689

PODFILE CHECKSUM: 0c14eebcacba789199c79c2cc635a2f081573655

COCOAPODS: 1.11.3
